
Microsoft Visual Studio Solution File, Format Version 12.00
# Visual Studio Version 17
VisualStudioVersion = 17.4.33110.190
MinimumVisualStudioVersion = 10.0.40219.1
Project("{FAE04EC0-301F-11D3-BF4B-00C04F79EFBC}") = "ConsoleApp4", "ConsoleApp4\ConsoleApp4.csproj", "{D438B483-2A71-4A7C-8C86-CCDA51939936}"
EndProject
Global
	GlobalSection(SolutionConfigurationPlatforms) = preSolution
		Debug|Any CPU = Debug|Any CPU
		Release|Any CPU = Release|Any CPU
	EndGlobalSection
	GlobalSection(ProjectConfigurationPlatforms) = postSolution
		{D438B483-2A71-4A7C-8C86-CCDA51939936}.Debug|Any CPU.ActiveCfg = Debug|Any CPU
		{D438B483-2A71-4A7C-8C86-CCDA51939936}.Debug|Any CPU.Build.0 = Debug|Any CPU
		{D438B483-2A71-4A7C-8C86-CCDA51939936}.Release|Any CPU.ActiveCfg = Release|Any CPU
		{D438B483-2A71-4A7C-8C86-CCDA51939936}.Release|Any CPU.Build.0 = Release|Any CPU
	EndGlobalSection
	GlobalSection(SolutionProperties) = preSolution
		HideSolutionNode = FALSE
	EndGlobalSection
	GlobalSection(ExtensibilityGlobals) = postSolution
		SolutionGuid = {D9762040-91D7-4AE2-BDD0-389C15DEEDD8}
	EndGlobalSection
EndGlobal
